
Microsoft Visual Studio Solution File, Format Version 12.00
# Visual Studio Version 16
VisualStudioVersion = 16.0.32002.261
MinimumVisualStudioVersion = 10.0.40219.1
Project("{9A19103F-16F7-4668-BE54-9A1E7A4F7556}") = "BotConsole", "BotConsole\BotConsole.csproj", "{758C688C-04F9-48EA-A430-A173BDF9F581}"
EndProject
Project("{9A19103F-16F7-4668-BE54-9A1E7A4F7556}") = "BotLibary", "BotLibary\BotLibary.csproj", "{1DCBBD86-DC6C-4590-8B1F-E6D3840E3AFF}"
EndProject
Project("{9A19103F-16F7-4668-BE54-9A1E7A4F7556}") = "DataBase", "DataBase\DataBase.csproj", "{38B98FEC-24D0-4049-88D3-E13AFE12C0DB}"
EndProject
Project("{9A19103F-16F7-4668-BE54-9A1E7A4F7556}") = "Options", "Options\Options.csproj", "{293771A1-0135-469A-B636-7FEA0E21CD81}"
EndProject
Project("{9A19103F-16F7-4668-BE54-9A1E7A4F7556}") = "UnutTesting", "UnutTesting\UnutTesting.csproj", "{84EA9537-B00A-459E-B500-B23EBC9CC261}"
EndProject
Project("{9A19103F-16F7-4668-BE54-9A1E7A4F7556}") = "TestConsole", "TestConsole\TestConsole.csproj", "{C0213FA9-84EE-4556-A395-4478B303DE73}"
EndProject
Project("{FAE04EC0-301F-11D3-BF4B-00C04F79EFBC}") = "BotForm", "BotForm\BotForm.csproj", "{9A6199CC-FF5D-4904-8288-9925150B3B10}"
EndProject
Global
	GlobalSection(SolutionConfigurationPlatforms) = preSolution
		Debug|Any CPU = Debug|Any CPU
		Release|Any CPU = Release|Any CPU
	EndGlobalSection
	GlobalSection(ProjectConfigurationPlatforms) = postSolution
		{758C688C-04F9-48EA-A430-A173BDF9F581}.Debug|Any CPU.ActiveCfg = Debug|Any CPU
		{758C688C-04F9-48EA-A430-A173BDF9F581}.Debug|Any CPU.Build.0 = Debug|Any CPU
		{758C688C-04F9-48EA-A430-A173BDF9F581}.Release|Any CPU.ActiveCfg = Release|Any CPU
		{758C688C-04F9-48EA-A430-A173BDF9F581}.Release|Any CPU.Build.0 = Release|Any CPU
		{1DCBBD86-DC6C-4590-8B1F-E6D3840E3AFF}.Debug|Any CPU.ActiveCfg = Debug|Any CPU
		{1DCBBD86-DC6C-4590-8B1F-E6D3840E3AFF}.Debug|Any CPU.Build.0 = Debug|Any CPU
		{1DCBBD86-DC6C-4590-8B1F-E6D3840E3AFF}.Release|Any CPU.ActiveCfg = Release|Any CPU
		{1DCBBD86-DC6C-4590-8B1F-E6D3840E3AFF}.Release|Any CPU.Build.0 = Release|Any CPU
		{38B98FEC-24D0-4049-88D3-E13AFE12C0DB}.Debug|Any CPU.ActiveCfg = Debug|Any CPU
		{38B98FEC-24D0-4049-88D3-E13AFE12C0DB}.Debug|Any CPU.Build.0 = Debug|Any CPU
		{38B98FEC-24D0-4049-88D3-E13AFE12C0DB}.Release|Any CPU.ActiveCfg = Release|Any CPU
		{38B98FEC-24D0-4049-88D3-E13AFE12C0DB}.Release|Any CPU.Build.0 = Release|Any CPU
		{293771A1-0135-469A-B636-7FEA0E21CD81}.Debug|Any CPU.ActiveCfg = Debug|Any CPU
		{293771A1-0135-469A-B636-7FEA0E21CD81}.Debug|Any CPU.Build.0 = Debug|Any CPU
		{293771A1-0135-469A-B636-7FEA0E21CD81}.Release|Any CPU.ActiveCfg = Release|Any CPU
		{293771A1-0135-469A-B636-7FEA0E21CD81}.Release|Any CPU.Build.0 = Release|Any CPU
		{84EA9537-B00A-459E-B500-B23EBC9CC261}.Debug|Any CPU.ActiveCfg = Debug|Any CPU
		{84EA9537-B00A-459E-B500-B23EBC9CC261}.Debug|Any CPU.Build.0 = Debug|Any CPU
		{84EA9537-B00A-459E-B500-B23EBC9CC261}.Release|Any CPU.ActiveCfg = Release|Any CPU
		{84EA9537-B00A-459E-B500-B23EBC9CC261}.Release|Any CPU.Build.0 = Release|Any CPU
		{C0213FA9-84EE-4556-A395-4478B303DE73}.Debug|Any CPU.ActiveCfg = Debug|Any CPU
		{C0213FA9-84EE-4556-A395-4478B303DE73}.Debug|Any CPU.Build.0 = Debug|Any CPU
		{C0213FA9-84EE-4556-A395-4478B303DE73}.Release|Any CPU.ActiveCfg = Release|Any CPU
		{C0213FA9-84EE-4556-A395-4478B303DE73}.Release|Any CPU.Build.0 = Release|Any CPU
		{9A6199CC-FF5D-4904-8288-9925150B3B10}.Debug|Any CPU.ActiveCfg = Debug|Any CPU
		{9A6199CC-FF5D-4904-8288-9925150B3B10}.Debug|Any CPU.Build.0 = Debug|Any CPU
		{9A6199CC-FF5D-4904-8288-9925150B3B10}.Release|Any CPU.ActiveCfg = Release|Any CPU
		{9A6199CC-FF5D-4904-8288-9925150B3B10}.Release|Any CPU.Build.0 = Release|Any CPU
	EndGlobalSection
	GlobalSection(SolutionProperties) = preSolution
		HideSolutionNode = FALSE
	EndGlobalSection
	GlobalSection(ExtensibilityGlobals) = postSolution
		SolutionGuid = {FF644B2A-9EE6-4501-B460-DDD3BC232ED1}
	EndGlobalSection
EndGlobal
