
Microsoft Visual Studio Solution File, Format Version 12.00
# Visual Studio Version 16
VisualStudioVersion = 16.0.32002.261
MinimumVisualStudioVersion = 10.0.40219.1
Project("{9A19103F-16F7-4668-BE54-9A1E7A4F7556}") = "BotConsole", "BotConsole\BotConsole.csproj", "{758C688C-04F9-48EA-A430-A173BDF9F581}"
EndProject
Project("{9A19103F-16F7-4668-BE54-9A1E7A4F7556}") = "BotLibary", "BotLibary\BotLibary.csproj", "{1DCBBD86-DC6C-4590-8B1F-E6D3840E3AFF}"
EndProject
Project("{9A19103F-16F7-4668-BE54-9A1E7A4F7556}") = "DataBase", "DataBase\DataBase.csproj", "{38B98FEC-24D0-4049-88D3-E13AFE12C0DB}"
EndProject
Project("{9A19103F-16F7-4668-BE54-9A1E7A4F7556}") = "Options", "Options\Options.csproj", "{293771A1-0135-469A-B636-7FEA0E21CD81}"
EndProject
Project("{9A19103F-16F7-4668-BE54-9A1E7A4F7556}") = "UnutTesting", "UnutTesting\UnutTesting.csproj", "{84EA9537-B00A-459E-B500-B23EBC9CC261}"
EndProject
Project("{2150E333-8FDC-42A3-9474-1A3956D46DE8}") = "Test", "Test", "{7A0EF722-4AD1-4BDE-A15F-683577949596}"
EndProject
Project("{2150E333-8FDC-42A3-9474-1A3956D46DE8}") = "Core", "Core", "{66682A63-ADEC-4B07-9E9D-544A52F5EA92}"
EndProject
Project("{2150E333-8FDC-42A3-9474-1A3956D46DE8}") = "Infrostructure", "Infrostructure", "{2AC3CA5C-DCA3-4D24-8540-CCB01C9AFD6F}"
EndProject
Project("{2150E333-8FDC-42A3-9474-1A3956D46DE8}") = "Presentation", "Presentation", "{BB449DDB-A9E2-4D51-B5B8-E34E35AFE292}"
EndProject
Project("{FAE04EC0-301F-11D3-BF4B-00C04F79EFBC}") = "BotService.Domain", "BotServise.Domain\BotService.Domain.csproj", "{00233DD3-A520-4128-9979-8C2E7CD9626D}"
EndProject
Project("{FAE04EC0-301F-11D3-BF4B-00C04F79EFBC}") = "BotSevice.Application", "BotSevice.Application\BotSevice.Application.csproj", "{5ECC3EB3-DEAD-4CB4-8743-61A4DA02AA89}"
EndProject
Project("{FAE04EC0-301F-11D3-BF4B-00C04F79EFBC}") = "BotService.Persistence", "BotService.Persistence\BotService.Persistence.csproj", "{270B16E3-2DB4-4213-A2A6-AFFF6C0C0B41}"
EndProject
Project("{FAE04EC0-301F-11D3-BF4B-00C04F79EFBC}") = "BotService.API", "BotService.API\BotService.API.csproj", "{5A7E2D5B-4D64-4BED-9B22-0E67DEB2CA0D}"
EndProject
Project("{2150E333-8FDC-42A3-9474-1A3956D46DE8}") = "Web", "Web", "{991A8A72-AD19-4355-9FCD-C05080260A27}"
EndProject
Project("{2150E333-8FDC-42A3-9474-1A3956D46DE8}") = "WebAdmin", "WebAdmin", "{023AA485-30FF-4644-A10E-84D13F0C8BD7}"
EndProject
Project("{2150E333-8FDC-42A3-9474-1A3956D46DE8}") = "WebSuperAdmin", "WebSuperAdmin", "{6F3FBBC0-BF8D-4430-8A60-AE5414CF8BB8}"
EndProject
Global
	GlobalSection(SolutionConfigurationPlatforms) = preSolution
		Debug|Any CPU = Debug|Any CPU
		Release|Any CPU = Release|Any CPU
	EndGlobalSection
	GlobalSection(ProjectConfigurationPlatforms) = postSolution
		{758C688C-04F9-48EA-A430-A173BDF9F581}.Debug|Any CPU.ActiveCfg = Debug|Any CPU
		{758C688C-04F9-48EA-A430-A173BDF9F581}.Debug|Any CPU.Build.0 = Debug|Any CPU
		{758C688C-04F9-48EA-A430-A173BDF9F581}.Release|Any CPU.ActiveCfg = Release|Any CPU
		{758C688C-04F9-48EA-A430-A173BDF9F581}.Release|Any CPU.Build.0 = Release|Any CPU
		{1DCBBD86-DC6C-4590-8B1F-E6D3840E3AFF}.Debug|Any CPU.ActiveCfg = Debug|Any CPU
		{1DCBBD86-DC6C-4590-8B1F-E6D3840E3AFF}.Debug|Any CPU.Build.0 = Debug|Any CPU
		{1DCBBD86-DC6C-4590-8B1F-E6D3840E3AFF}.Release|Any CPU.ActiveCfg = Release|Any CPU
		{1DCBBD86-DC6C-4590-8B1F-E6D3840E3AFF}.Release|Any CPU.Build.0 = Release|Any CPU
		{38B98FEC-24D0-4049-88D3-E13AFE12C0DB}.Debug|Any CPU.ActiveCfg = Debug|Any CPU
		{38B98FEC-24D0-4049-88D3-E13AFE12C0DB}.Debug|Any CPU.Build.0 = Debug|Any CPU
		{38B98FEC-24D0-4049-88D3-E13AFE12C0DB}.Release|Any CPU.ActiveCfg = Release|Any CPU
		{38B98FEC-24D0-4049-88D3-E13AFE12C0DB}.Release|Any CPU.Build.0 = Release|Any CPU
		{293771A1-0135-469A-B636-7FEA0E21CD81}.Debug|Any CPU.ActiveCfg = Debug|Any CPU
		{293771A1-0135-469A-B636-7FEA0E21CD81}.Debug|Any CPU.Build.0 = Debug|Any CPU
		{293771A1-0135-469A-B636-7FEA0E21CD81}.Release|Any CPU.ActiveCfg = Release|Any CPU
		{293771A1-0135-469A-B636-7FEA0E21CD81}.Release|Any CPU.Build.0 = Release|Any CPU
		{84EA9537-B00A-459E-B500-B23EBC9CC261}.Debug|Any CPU.ActiveCfg = Debug|Any CPU
		{84EA9537-B00A-459E-B500-B23EBC9CC261}.Debug|Any CPU.Build.0 = Debug|Any CPU
		{84EA9537-B00A-459E-B500-B23EBC9CC261}.Release|Any CPU.ActiveCfg = Release|Any CPU
		{84EA9537-B00A-459E-B500-B23EBC9CC261}.Release|Any CPU.Build.0 = Release|Any CPU
		{00233DD3-A520-4128-9979-8C2E7CD9626D}.Debug|Any CPU.ActiveCfg = Debug|Any CPU
		{00233DD3-A520-4128-9979-8C2E7CD9626D}.Debug|Any CPU.Build.0 = Debug|Any CPU
		{00233DD3-A520-4128-9979-8C2E7CD9626D}.Release|Any CPU.ActiveCfg = Release|Any CPU
		{00233DD3-A520-4128-9979-8C2E7CD9626D}.Release|Any CPU.Build.0 = Release|Any CPU
		{5ECC3EB3-DEAD-4CB4-8743-61A4DA02AA89}.Debug|Any CPU.ActiveCfg = Debug|Any CPU
		{5ECC3EB3-DEAD-4CB4-8743-61A4DA02AA89}.Debug|Any CPU.Build.0 = Debug|Any CPU
		{5ECC3EB3-DEAD-4CB4-8743-61A4DA02AA89}.Release|Any CPU.ActiveCfg = Release|Any CPU
		{5ECC3EB3-DEAD-4CB4-8743-61A4DA02AA89}.Release|Any CPU.Build.0 = Release|Any CPU
		{270B16E3-2DB4-4213-A2A6-AFFF6C0C0B41}.Debug|Any CPU.ActiveCfg = Debug|Any CPU
		{270B16E3-2DB4-4213-A2A6-AFFF6C0C0B41}.Debug|Any CPU.Build.0 = Debug|Any CPU
		{270B16E3-2DB4-4213-A2A6-AFFF6C0C0B41}.Release|Any CPU.ActiveCfg = Release|Any CPU
		{270B16E3-2DB4-4213-A2A6-AFFF6C0C0B41}.Release|Any CPU.Build.0 = Release|Any CPU
		{5A7E2D5B-4D64-4BED-9B22-0E67DEB2CA0D}.Debug|Any CPU.ActiveCfg = Debug|Any CPU
		{5A7E2D5B-4D64-4BED-9B22-0E67DEB2CA0D}.Debug|Any CPU.Build.0 = Debug|Any CPU
		{5A7E2D5B-4D64-4BED-9B22-0E67DEB2CA0D}.Release|Any CPU.ActiveCfg = Release|Any CPU
		{5A7E2D5B-4D64-4BED-9B22-0E67DEB2CA0D}.Release|Any CPU.Build.0 = Release|Any CPU
	EndGlobalSection
	GlobalSection(SolutionProperties) = preSolution
		HideSolutionNode = FALSE
	EndGlobalSection
	GlobalSection(NestedProjects) = preSolution
		{7A0EF722-4AD1-4BDE-A15F-683577949596} = {991A8A72-AD19-4355-9FCD-C05080260A27}
		{66682A63-ADEC-4B07-9E9D-544A52F5EA92} = {991A8A72-AD19-4355-9FCD-C05080260A27}
		{2AC3CA5C-DCA3-4D24-8540-CCB01C9AFD6F} = {991A8A72-AD19-4355-9FCD-C05080260A27}
		{BB449DDB-A9E2-4D51-B5B8-E34E35AFE292} = {991A8A72-AD19-4355-9FCD-C05080260A27}
		{00233DD3-A520-4128-9979-8C2E7CD9626D} = {66682A63-ADEC-4B07-9E9D-544A52F5EA92}
		{5ECC3EB3-DEAD-4CB4-8743-61A4DA02AA89} = {66682A63-ADEC-4B07-9E9D-544A52F5EA92}
		{270B16E3-2DB4-4213-A2A6-AFFF6C0C0B41} = {2AC3CA5C-DCA3-4D24-8540-CCB01C9AFD6F}
		{5A7E2D5B-4D64-4BED-9B22-0E67DEB2CA0D} = {BB449DDB-A9E2-4D51-B5B8-E34E35AFE292}
	EndGlobalSection
	GlobalSection(ExtensibilityGlobals) = postSolution
		SolutionGuid = {FF644B2A-9EE6-4501-B460-DDD3BC232ED1}
	EndGlobalSection
EndGlobal
